
Microsoft Visual Studio Solution File, Format Version 12.00
# Visual Studio Version 16
VisualStudioVersion = 16.0.30711.63
MinimumVisualStudioVersion = 10.0.40219.1
Project("{FAE04EC0-301F-11D3-BF4B-00C04F79EFBC}") = "VersusCovid", "VersusCovid\VersusCovid.csproj", "{D4459931-5F57-4958-A515-C9A158259AD8}"
EndProject
Global
	GlobalSection(SolutionConfigurationPlatforms) = preSolution
		Debug|Any CPU = Debug|Any CPU
		Release|Any CPU = Release|Any CPU
	EndGlobalSection
	GlobalSection(ProjectConfigurationPlatforms) = postSolution
		{D4459931-5F57-4958-A515-C9A158259AD8}.Debug|Any CPU.ActiveCfg = Debug|Any CPU
		{D4459931-5F57-4958-A515-C9A158259AD8}.Debug|Any CPU.Build.0 = Debug|Any CPU
		{D4459931-5F57-4958-A515-C9A158259AD8}.Release|Any CPU.ActiveCfg = Release|Any CPU
		{D4459931-5F57-4958-A515-C9A158259AD8}.Release|Any CPU.Build.0 = Release|Any CPU
	EndGlobalSection
	GlobalSection(SolutionProperties) = preSolution
		HideSolutionNode = FALSE
	EndGlobalSection
	GlobalSection(ExtensibilityGlobals) = postSolution
		SolutionGuid = {2574C5BA-FA92-4B84-9636-C1A9A2650C42}
	EndGlobalSection
EndGlobal
